
Microsoft Visual Studio Solution File, Format Version 12.00
# Visual Studio Version 17
VisualStudioVersion = 17.4.33110.190
MinimumVisualStudioVersion = 10.0.40219.1
Project("{FAE04EC0-301F-11D3-BF4B-00C04F79EFBC}") = "jogo_da_velha", "jogo_da_velha\jogo_da_velha.csproj", "{4FA33BDC-348C-4B5C-B12C-A670370753CE}"
EndProject
Global
	GlobalSection(SolutionConfigurationPlatforms) = preSolution
		Debug|Any CPU = Debug|Any CPU
		Release|Any CPU = Release|Any CPU
	EndGlobalSection
	GlobalSection(ProjectConfigurationPlatforms) = postSolution
		{4FA33BDC-348C-4B5C-B12C-A670370753CE}.Debug|Any CPU.ActiveCfg = Debug|Any CPU
		{4FA33BDC-348C-4B5C-B12C-A670370753CE}.Debug|Any CPU.Build.0 = Debug|Any CPU
		{4FA33BDC-348C-4B5C-B12C-A670370753CE}.Release|Any CPU.ActiveCfg = Release|Any CPU
		{4FA33BDC-348C-4B5C-B12C-A670370753CE}.Release|Any CPU.Build.0 = Release|Any CPU
	EndGlobalSection
	GlobalSection(SolutionProperties) = preSolution
		HideSolutionNode = FALSE
	EndGlobalSection
	GlobalSection(ExtensibilityGlobals) = postSolution
		SolutionGuid = {AF8348A8-9AE2-4A51-94B8-9C69E2EEF05E}
	EndGlobalSection
EndGlobal
